// !$*UTF8*$!
{
	archiveVersion = 1;
	classes = {
	};
	objectVersion = 46;
	objects = {

/* Begin PBXBuildFile section */
		41A24DA91B20C3A5007C23C5 /* AppDelegate.swift in Sources */ = {isa = PBXBuildFile; fileRef = 41A24DA81B20C3A5007C23C5 /* AppDelegate.swift */; };
		41A24DAB1B20C3A5007C23C5 /* Images.xcassets in Resources */ = {isa = PBXBuildFile; fileRef = 41A24DAA1B20C3A5007C23C5 /* Images.xcassets */; };
		41A24DAE1B20C3A5007C23C5 /* MainMenu.xib in Resources */ = {isa = PBXBuildFile; fileRef = 41A24DAC1B20C3A5007C23C5 /* MainMenu.xib */; };
		41A24DBA1B20C3A5007C23C5 /* grifterTests.swift in Sources */ = {isa = PBXBuildFile; fileRef = 41A24DB91B20C3A5007C23C5 /* grifterTests.swift */; };
/* End PBXBuildFile section */

/* Begin PBXContainerItemProxy section */
		41A24DB41B20C3A5007C23C5 /* PBXContainerItemProxy */ = {
			isa = PBXContainerItemProxy;
			containerPortal = 41A24D9B1B20C3A5007C23C5 /* Project object */;
			proxyType = 1;
			remoteGlobalIDString = 41A24DA21B20C3A5007C23C5;
			remoteInfo = grifter;
		};
/* End PBXContainerItemProxy section */

/* Begin PBXFileReference section */
		41A24DA31B20C3A5007C23C5 /* grifter.app */ = {isa = PBXFileReference; explicitFileType = wrapper.application; includeInIndex = 0; path = grifter.app; sourceTree = BUILT_PRODUCTS_DIR; };
		41A24DA71B20C3A5007C23C5 /* Info.plist */ = {isa = PBXFileReference; lastKnownFileType = text.plist.xml; path = Info.plist; sourceTree = "<group>"; };
		41A24DA81B20C3A5007C23C5 /* AppDelegate.swift */ = {isa = PBXFileReference; lastKnownFileType = sourcecode.swift; path = AppDelegate.swift; sourceTree = "<group>"; };
		41A24DAA1B20C3A5007C23C5 /* Images.xcassets */ = {isa = PBXFileReference; lastKnownFileType = folder.assetcatalog; path = Images.xcassets; sourceTree = "<group>"; };
		41A24DAD1B20C3A5007C23C5 /* Base */ = {isa = PBXFileReference; lastKnownFileType = file.xib; name = Base; path = Base.lproj/MainMenu.xib; sourceTree = "<group>"; };
		41A24DB31B20C3A5007C23C5 /* grifterTests.xctest */ = {isa = PBXFileReference; explicitFileType = wrapper.cfbundle; includeInIndex = 0; path = grifterTests.xctest; sourceTree = BUILT_PRODUCTS_DIR; };
		41A24DB81B20C3A5007C23C5 /* Info.plist */ = {isa = PBXFileReference; lastKnownFileType = text.plist.xml; path = Info.plist; sourceTree = "<group>"; };
		41A24DB91B20C3A5007C23C5 /* grifterTests.swift */ = {isa = PBXFileReference; lastKnownFileType = sourcecode.swift; path = grifterTests.swift; sourceTree = "<group>"; };
/* End PBXFileReference section */

/* Begin PBXFrameworksBuildPhase section */
		41A24DA01B20C3A5007C23C5 /* Frameworks */ = {
			isa = PBXFrameworksBuildPhase;
			buildActionMask = 2147483647;
			files = (
			);
			runOnlyForDeploymentPostprocessing = 0;
		};
		41A24DB01B20C3A5007C23C5 /* Frameworks */ = {
			isa = PBXFrameworksBuildPhase;
			buildActionMask = 2147483647;
			files = (
			);
			runOnlyForDeploymentPostprocessing = 0;
		};
/* End PBXFrameworksBuildPhase section */

/* Begin PBXGroup section */
		41A24D9A1B20C3A5007C23C5 = {
			isa = PBXGroup;
			children = (
				41A24DA51B20C3A5007C23C5 /* grifter */,
				41A24DB61B20C3A5007C23C5 /* grifterTests */,
				41A24DA41B20C3A5007C23C5 /* Products */,
			);
			sourceTree = "<group>";
		};
		41A24DA41B20C3A5007C23C5 /* Products */ = {
			isa = PBXGroup;
			children = (
				41A24DA31B20C3A5007C23C5 /* grifter.app */,
				41A24DB31B20C3A5007C23C5 /* grifterTests.xctest */,
			);
			name = Products;
			sourceTree = "<group>";
		};
		41A24DA51B20C3A5007C23C5 /* grifter */ = {
			isa = PBXGroup;
			children = (
				41A24DA81B20C3A5007C23C5 /* AppDelegate.swift */,
				41A24DAA1B20C3A5007C23C5 /* Images.xcassets */,
				41A24DAC1B20C3A5007C23C5 /* MainMenu.xib */,
				41A24DA61B20C3A5007C23C5 /* Supporting Files */,
			);
			path = grifter;
			sourceTree = "<group>";
		};
		41A24DA61B20C3A5007C23C5 /* Supporting Files */ = {
			isa = PBXGroup;
			children = (
				41A24DA71B20C3A5007C23C5 /* Info.plist */,
			);
			name = "Supporting Files";
			sourceTree = "<group>";
		};
		41A24DB61B20C3A5007C23C5 /* grifterTests */ = {
			isa = PBXGroup;
			children = (
				41A24DB91B20C3A5007C23C5 /* grifterTests.swift */,
				41A24DB71B20C3A5007C23C5 /* Supporting Files */,
			);
			path = grifterTests;
			sourceTree = "<group>";
		};
		41A24DB71B20C3A5007C23C5 /* Supporting Files */ = {
			isa = PBXGroup;
			children = (
				41A24DB81B20C3A5007C23C5 /* Info.plist */,
			);
			name = "Supporting Files";
			sourceTree = "<group>";
		};
/* End PBXGroup section */

/* Begin PBXNativeTarget section */
		41A24DA21B20C3A5007C23C5 /* grifter */ = {
			isa = PBXNativeTarget;
			buildConfigurationList = 41A24DBD1B20C3A5007C23C5 /* Build configuration list for PBXNativeTarget "grifter" */;
			buildPhases = (
				41A24D9F1B20C3A5007C23C5 /* Sources */,
				41A24DA01B20C3A5007C23C5 /* Frameworks */,
				41A24DA11B20C3A5007C23C5 /* Resources */,
			);
			buildRules = (
			);
			dependencies = (
			);
			name = grifter;
			productName = grifter;
			productReference = 41A24DA31B20C3A5007C23C5 /* grifter.app */;
			productType = "com.apple.product-type.application";
		};
		41A24DB21B20C3A5007C23C5 /* grifterTests */ = {
			isa = PBXNativeTarget;
			buildConfigurationList = 41A24DC01B20C3A5007C23C5 /* Build configuration list for PBXNativeTarget "grifterTests" */;
			buildPhases = (
				41A24DAF1B20C3A5007C23C5 /* Sources */,
				41A24DB01B20C3A5007C23C5 /* Frameworks */,
				41A24DB11B20C3A5007C23C5 /* Resources */,
			);
			buildRules = (
			);
			dependencies = (
				41A24DB51B20C3A5007C23C5 /* PBXTargetDependency */,
			);
			name = grifterTests;
			productName = grifterTests;
			productReference = 41A24DB31B20C3A5007C23C5 /* grifterTests.xctest */;
			productType = "com.apple.product-type.bundle.unit-test";
		};
/* End PBXNativeTarget section */

/* Begin PBXProject section */
		41A24D9B1B20C3A5007C23C5 /* Project object */ = {
			isa = PBXProject;
			attributes = {
				LastUpgradeCheck = 0630;
				ORGANIZATIONNAME = "Nat Welch";
				TargetAttributes = {
					41A24DA21B20C3A5007C23C5 = {
						CreatedOnToolsVersion = 6.3.2;
					};
					41A24DB21B20C3A5007C23C5 = {
						CreatedOnToolsVersion = 6.3.2;
						TestTargetID = 41A24DA21B20C3A5007C23C5;
					};
				};
			};
			buildConfigurationList = 41A24D9E1B20C3A5007C23C5 /* Build configuration list for PBXProject "grifter" */;
			compatibilityVersion = "Xcode 3.2";
			developmentRegion = English;
			hasScannedForEncodings = 0;
			knownRegions = (
				en,
				Base,
			);
			mainGroup = 41A24D9A1B20C3A5007C23C5;
			productRefGroup = 41A24DA41B20C3A5007C23C5 /* Products */;
			projectDirPath = "";
			projectRoot = "";
			targets = (
				41A24DA21B20C3A5007C23C5 /* grifter */,
				41A24DB21B20C3A5007C23C5 /* grifterTests */,
			);
		};
/* End PBXProject section */

/* Begin PBXResourcesBuildPhase section */
		41A24DA11B20C3A5007C23C5 /* Resources */ = {
			isa = PBXResourcesBuildPhase;
			buildActionMask = 2147483647;
			files = (
				41A24DAB1B20C3A5007C23C5 /* Images.xcassets in Resources */,
				41A24DAE1B20C3A5007C23C5 /* MainMenu.xib in Resources */,
			);
			runOnlyForDeploymentPostprocessing = 0;
		};
		41A24DB11B20C3A5007C23C5 /* Resources */ = {
			isa = PBXResourcesBuildPhase;
			buildActionMask = 2147483647;
			files = (
			);
			runOnlyForDeploymentPostprocessing = 0;
		};
/* End PBXResourcesBuildPhase section */

/* Begin PBXSourcesBuildPhase section */
		41A24D9F1B20C3A5007C23C5 /* Sources */ = {
			isa = PBXSourcesBuildPhase;
			buildActionMask = 2147483647;
			files = (
				41A24DA91B20C3A5007C23C5 /* AppDelegate.swift in Sources */,
			);
			runOnlyForDeploymentPostprocessing = 0;
		};
		41A24DAF1B20C3A5007C23C5 /* Sources */ = {
			isa = PBXSourcesBuildPhase;
			buildActionMask = 2147483647;
			files = (
				41A24DBA1B20C3A5007C23C5 /* grifterTests.swift in Sources */,
			);
			runOnlyForDeploymentPostprocessing = 0;
		};
/* End PBXSourcesBuildPhase section */

/* Begin PBXTargetDependency section */
		41A24DB51B20C3A5007C23C5 /* PBXTargetDependency */ = {
			isa = PBXTargetDependency;
			target = 41A24DA21B20C3A5007C23C5 /* grifter */;
			targetProxy = 41A24DB41B20C3A5007C23C5 /* PBXContainerItemProxy */;
		};
/* End PBXTargetDependency section */

/* Begin PBXVariantGroup section */
		41A24DAC1B20C3A5007C23C5 /* MainMenu.xib */ = {
			isa = PBXVariantGroup;
			children = (
				41A24DAD1B20C3A5007C23C5 /* Base */,
			);
			name = MainMenu.xib;
			sourceTree = "<group>";
		};
/* End PBXVariantGroup section */

/* Begin XCBuildConfiguration section */
		41A24DBB1B20C3A5007C23C5 /* Debug */ = {
			isa = XCBuildConfiguration;
			buildSettings = {
				ALWAYS_SEARCH_USER_PATHS = NO;
				CLANG_CXX_LANGUAGE_STANDARD = "gnu++0x";
				CLANG_CXX_LIBRARY = "libc++";
				CLANG_ENABLE_MODULES = YES;
				CLANG_ENABLE_OBJC_ARC = YES;
				CLANG_WARN_BOOL_CONVERSION = YES;
				CLANG_WARN_CONSTANT_CONVERSION = YES;
				CLANG_WARN_DIRECT_OBJC_ISA_USAGE = YES_ERROR;
				CLANG_WARN_EMPTY_BODY = YES;
				CLANG_WARN_ENUM_CONVERSION = YES;
				CLANG_WARN_INT_CONVERSION = YES;
				CLANG_WARN_OBJC_ROOT_CLASS = YES_ERROR;
				CLANG_WARN_UNREACHABLE_CODE = YES;
				CLANG_WARN__DUPLICATE_METHOD_MATCH = YES;
				CODE_SIGN_IDENTITY = "-";
				COPY_PHASE_STRIP = NO;
				DEBUG_INFORMATION_FORMAT = dwarf;
				ENABLE_STRICT_OBJC_MSGSEND = YES;
				GCC_C_LANGUAGE_STANDARD = gnu99;
				GCC_DYNAMIC_NO_PIC = NO;
				GCC_NO_COMMON_BLOCKS = YES;
				GCC_OPTIMIZATION_LEVEL = 0;
				GCC_PREPROCESSOR_DEFINITIONS = (
					"DEBUG=1",
					"$(inherited)",
				);
				GCC_SYMBOLS_PRIVATE_EXTERN = NO;
				GCC_WARN_64_TO_32_BIT_CONVERSION = YES;
				GCC_WARN_ABOUT_RETURN_TYPE = YES_ERROR;
				GCC_WARN_UNDECLARED_SELECTOR = YES;
				GCC_WARN_UNINITIALIZED_AUTOS = YES_AGGRESSIVE;
				GCC_WARN_UNUSED_FUNCTION = YES;
				GCC_WARN_UNUSED_VARIABLE = YES;
				MACOSX_DEPLOYMENT_TARGET = 10.10;
				MTL_ENABLE_DEBUG_INFO = YES;
				ONLY_ACTIVE_ARCH = YES;
				SDKROOT = macosx;
				SWIFT_OPTIMIZATION_LEVEL = "-Onone";
			};
			name = Debug;
		};
		41A24DBC1B20C3A5007C23C5 /* Release */ = {
			isa = XCBuildConfiguration;
			buildSettings = {
				ALWAYS_SEARCH_USER_PATHS = NO;
				CLANG_CXX_LANGUAGE_STANDARD = "gnu++0x";
				CLANG_CXX_LIBRARY = "libc++";
				CLANG_ENABLE_MODULES = YES;
				CLANG_ENABLE_OBJC_ARC = YES;
				CLANG_WARN_BOOL_CONVERSION = YES;
				CLANG_WARN_CONSTANT_CONVERSION = YES;
				CLANG_WARN_DIRECT_OBJC_ISA_USAGE = YES_ERROR;
				CLANG_WARN_EMPTY_BODY = YES;
				CLANG_WARN_ENUM_CONVERSION = YES;
				CLANG_WARN_INT_CONVERSION = YES;
				CLANG_WARN_OBJC_ROOT_CLASS = YES_ERROR;
				CLANG_WARN_UNREACHABLE_CODE = YES;
				CLANG_WARN__DUPLICATE_METHOD_MATCH = YES;
				CODE_SIGN_IDENTITY = "-";
				COPY_PHASE_STRIP = NO;
				DEBUG_INFORMATION_FORMAT = "dwarf-with-dsym";
				ENABLE_NS_ASSERTIONS = NO;
				ENABLE_STRICT_OBJC_MSGSEND = YES;
				GCC_C_LANGUAGE_STANDARD = gnu99;
				GCC_NO_COMMON_BLOCKS = YES;
				GCC_WARN_64_TO_32_BIT_CONVERSION = YES;
				GCC_WARN_ABOUT_RETURN_TYPE = YES_ERROR;
				GCC_WARN_UNDECLARED_SELECTOR = YES;
				GCC_WARN_UNINITIALIZED_AUTOS = YES_AGGRESSIVE;
				GCC_WARN_UNUSED_FUNCTION = YES;
				GCC_WARN_UNUSED_VARIABLE = YES;
				MACOSX_DEPLOYMENT_TARGET = 10.10;
				MTL_ENABLE_DEBUG_INFO = NO;
				SDKROOT = macosx;
			};
			name = Release;
		};
		41A24DBE1B20C3A5007C23C5 /* Debug */ = {
			isa = XCBuildConfiguration;
			buildSettings = {
				ASSETCATALOG_COMPILER_APPICON_NAME = AppIcon;
				COMBINE_HIDPI_IMAGES = YES;
				INFOPLIST_FILE = grifter/Info.plist;
				LD_RUNPATH_SEARCH_PATHS = "$(inherited) @executable_path/../Frameworks";
				PRODUCT_NAME = "$(TARGET_NAME)";
			};
			name = Debug;
		};
		41A24DBF1B20C3A5007C23C5 /* Release */ = {
			isa = XCBuildConfiguration;
			buildSettings = {
				ASSETCATALOG_COMPILER_APPICON_NAME = AppIcon;
				COMBINE_HIDPI_IMAGES = YES;
				INFOPLIST_FILE = grifter/Info.plist;
				LD_RUNPATH_SEARCH_PATHS = "$(inherited) @executable_path/../Frameworks";
				PRODUCT_NAME = "$(TARGET_NAME)";
			};
			name = Release;
		};
		41A24DC11B20C3A5007C23C5 /* Debug */ = {
			isa = XCBuildConfiguration;
			buildSettings = {
				BUNDLE_LOADER = "$(TEST_HOST)";
				COMBINE_HIDPI_IMAGES = YES;
				FRAMEWORK_SEARCH_PATHS = (
					"$(DEVELOPER_FRAMEWORKS_DIR)",
					"$(inherited)",
				);
				GCC_PREPROCESSOR_DEFINITIONS = (
					"DEBUG=1",
					"$(inherited)",
				);
				INFOPLIST_FILE = grifterTests/Info.plist;
				LD_RUNPATH_SEARCH_PATHS = "$(inherited) @executable_path/../Frameworks @loader_path/../Frameworks";
				PRODUCT_NAME = "$(TARGET_NAME)";
				TEST_HOST = "$(BUILT_PRODUCTS_DIR)/grifter.app/Contents/MacOS/grifter";
			};
			name = Debug;
		};
		41A24DC21B20C3A5007C23C5 /* Release */ = {
			isa = XCBuildConfiguration;
			buildSettings = {
				BUNDLE_LOADER = "$(TEST_HOST)";
				COMBINE_HIDPI_IMAGES = YES;
				FRAMEWORK_SEARCH_PATHS = (
					"$(DEVELOPER_FRAMEWORKS_DIR)",
					"$(inherited)",
				);
				INFOPLIST_FILE = grifterTests/Info.plist;
				LD_RUNPATH_SEARCH_PATHS = "$(inherited) @executable_path/../Frameworks @loader_path/../Frameworks";
				PRODUCT_NAME = "$(TARGET_NAME)";
				TEST_HOST = "$(BUILT_PRODUCTS_DIR)/grifter.app/Contents/MacOS/grifter";
			};
			name = Release;
		};
/* End XCBuildConfiguration section */

/* Begin XCConfigurationList section */
		41A24D9E1B20C3A5007C23C5 /* Build configuration list for PBXProject "grifter" */ = {
			isa = XCConfigurationList;
			buildConfigurations = (
				41A24DBB1B20C3A5007C23C5 /* Debug */,
				41A24DBC1B20C3A5007C23C5 /* Release */,
			);
			defaultConfigurationIsVisible = 0;
			defaultConfigurationName = Release;
		};
		41A24DBD1B20C3A5007C23C5 /* Build configuration list for PBXNativeTarget "grifter" */ = {
			isa = XCConfigurationList;
			buildConfigurations = (
				41A24DBE1B20C3A5007C23C5 /* Debug */,
				41A24DBF1B20C3A5007C23C5 /* Release */,
			);
			defaultConfigurationIsVisible = 0;
		};
		41A24DC01B20C3A5007C23C5 /* Build configuration list for PBXNativeTarget "grifterTests" */ = {
			isa = XCConfigurationList;
			buildConfigurations = (
				41A24DC11B20C3A5007C23C5 /* Debug */,
				41A24DC21B20C3A5007C23C5 /* Release */,
			);
			defaultConfigurationIsVisible = 0;
		};
/* End XCConfigurationList section */
	};
	rootObject = 41A24D9B1B20C3A5007C23C5 /* Project object */;
}
